
Microsoft Visual Studio Solution File, Format Version 12.00
# Visual Studio Version 17
VisualStudioVersion = 17.1.32407.343
MinimumVisualStudioVersion = 10.0.40219.1
Project("{2150E333-8FDC-42A3-9474-1A3956D46DE8}") = "1-PrimeirosPassos", "1-PrimeirosPassos", "{557A7C8C-498D-46D6-9C59-2D2920E729C0}"
EndProject
Project("{2150E333-8FDC-42A3-9474-1A3956D46DE8}") = "1-Publicacao", "1-Publicacao", "{21780245-BD83-45E7-94BD-19728F5F0188}"
EndProject
Project("{2150E333-8FDC-42A3-9474-1A3956D46DE8}") = "2-Consumidor", "2-Consumidor", "{E947C43D-37B5-47ED-9DAE-FEF1AFD0ADF9}"
EndProject
Project("{2150E333-8FDC-42A3-9474-1A3956D46DE8}") = "2-MultiplosConsumidores", "2-MultiplosConsumidores", "{2A787D24-833C-440D-A5D3-24B92A33284A}"
EndProject
Project("{2150E333-8FDC-42A3-9474-1A3956D46DE8}") = "1-Publicacao", "1-Publicacao", "{7F5DC3BD-5EED-4402-840F-CD9D7A19C1A7}"
EndProject
Project("{2150E333-8FDC-42A3-9474-1A3956D46DE8}") = "2-Consumidor", "2-Consumidor", "{D010372D-98FD-4614-89E6-21E3DDD5E0E9}"
EndProject
Project("{9A19103F-16F7-4668-BE54-9A1E7A4F7556}") = "publicador_01", "publicador_01\publicador_01.csproj", "{3AB89123-8539-4D07-9357-868A137FE0B5}"
EndProject
Project("{9A19103F-16F7-4668-BE54-9A1E7A4F7556}") = "consumidor_01", "consumidor_01\consumidor_01.csproj", "{4601FF4E-6F13-479B-8A65-E9A449269169}"
EndProject
Project("{9A19103F-16F7-4668-BE54-9A1E7A4F7556}") = "publicador_02", "publicador_02\publicador_02.csproj", "{9EA88B53-05DE-4CB0-8D5E-9944750A97FE}"
EndProject
Project("{9A19103F-16F7-4668-BE54-9A1E7A4F7556}") = "consumidor_02", "consumidor_02\consumidor_02.csproj", "{C513A18F-37AA-4BB0-9CAF-4C52F0C32403}"
EndProject
Project("{9A19103F-16F7-4668-BE54-9A1E7A4F7556}") = "consumidor_021", "consumidor_021\consumidor_021.csproj", "{493245F2-F9EB-40FB-A353-E76A17F456D2}"
EndProject
Project("{2150E333-8FDC-42A3-9474-1A3956D46DE8}") = "3-PublicacaoOuvintes", "3-PublicacaoOuvintes", "{4DC7906F-B854-4F1A-BBF1-4EDD95F5B88C}"
EndProject
Project("{2150E333-8FDC-42A3-9474-1A3956D46DE8}") = "1-Publicacao", "1-Publicacao", "{872D94AE-C3DB-4141-B472-0A00E2390A42}"
EndProject
Project("{2150E333-8FDC-42A3-9474-1A3956D46DE8}") = "2-Consumidor", "2-Consumidor", "{DAF552B3-1013-4B93-9249-495BB5D45A65}"
EndProject
Project("{9A19103F-16F7-4668-BE54-9A1E7A4F7556}") = "publicador_03", "publicador_03\publicador_03.csproj", "{34BE4A44-E871-4A8D-9D97-353457CB8536}"
EndProject
Project("{9A19103F-16F7-4668-BE54-9A1E7A4F7556}") = "consumidor_03", "consumidor_03\consumidor_03.csproj", "{1D349B4F-3565-4A9D-89CA-A6AA282A551C}"
EndProject
Project("{9A19103F-16F7-4668-BE54-9A1E7A4F7556}") = "consumidor_031", "consumidor_031\consumidor_031.csproj", "{9C456BEE-1973-429E-9368-13921E8CD4D3}"
EndProject
Project("{2150E333-8FDC-42A3-9474-1A3956D46DE8}") = "4-Rotacionando", "4-Rotacionando", "{23DC9C50-256E-4EE4-BEBE-5C531F242B76}"
EndProject
Project("{2150E333-8FDC-42A3-9474-1A3956D46DE8}") = "1-Publicacao", "1-Publicacao", "{1BFC5864-4827-451E-ABF6-2F11F77BCC7F}"
EndProject
Project("{2150E333-8FDC-42A3-9474-1A3956D46DE8}") = "2-Consumidor", "2-Consumidor", "{A1609D59-0355-4EFF-A53B-E21C90D17361}"
EndProject
Project("{FAE04EC0-301F-11D3-BF4B-00C04F79EFBC}") = "publicador_04", "publicador_04\publicador_04.csproj", "{2B6F03C2-D1A0-4836-A96B-4A283E6AB00B}"
EndProject
Project("{FAE04EC0-301F-11D3-BF4B-00C04F79EFBC}") = "consumidor_04", "consumidor_04\consumidor_04.csproj", "{DCA3EC43-84F0-4076-8131-A3205B19D75D}"
EndProject
Project("{FAE04EC0-301F-11D3-BF4B-00C04F79EFBC}") = "consumidor_044", "consumidor_044\consumidor_044.csproj", "{2C664AD0-C57F-44AB-8191-1937960E59BC}"
EndProject
Project("{2150E333-8FDC-42A3-9474-1A3956D46DE8}") = "5-Topicos", "5-Topicos", "{8EB3E982-86D8-49EC-87E4-9A06A01E82AB}"
EndProject
Project("{2150E333-8FDC-42A3-9474-1A3956D46DE8}") = "1-Publicador", "1-Publicador", "{3ABF18EB-38AF-4C31-A89A-D23BB50E7DB5}"
EndProject
Project("{2150E333-8FDC-42A3-9474-1A3956D46DE8}") = "2-Consumidor", "2-Consumidor", "{0E22CC8A-6DE2-4C08-8463-C388698E011B}"
EndProject
Project("{FAE04EC0-301F-11D3-BF4B-00C04F79EFBC}") = "publicador_05", "publicador_05\publicador_05.csproj", "{27654EF1-347E-44BD-A516-45E944940090}"
EndProject
Project("{FAE04EC0-301F-11D3-BF4B-00C04F79EFBC}") = "consumidor_05", "consumidor_05\consumidor_05.csproj", "{97D9605A-2C63-41C3-A173-B200E3D9D0D8}"
EndProject
Project("{FAE04EC0-301F-11D3-BF4B-00C04F79EFBC}") = "consumidor_055", "consumidor_055\consumidor_055.csproj", "{D2B066D6-5970-4D89-BAAF-AA2DB60671FD}"
EndProject
Global
	GlobalSection(SolutionConfigurationPlatforms) = preSolution
		Debug|Any CPU = Debug|Any CPU
		Release|Any CPU = Release|Any CPU
	EndGlobalSection
	GlobalSection(ProjectConfigurationPlatforms) = postSolution
		{3AB89123-8539-4D07-9357-868A137FE0B5}.Debug|Any CPU.ActiveCfg = Debug|Any CPU
		{3AB89123-8539-4D07-9357-868A137FE0B5}.Debug|Any CPU.Build.0 = Debug|Any CPU
		{3AB89123-8539-4D07-9357-868A137FE0B5}.Release|Any CPU.ActiveCfg = Release|Any CPU
		{3AB89123-8539-4D07-9357-868A137FE0B5}.Release|Any CPU.Build.0 = Release|Any CPU
		{4601FF4E-6F13-479B-8A65-E9A449269169}.Debug|Any CPU.ActiveCfg = Debug|Any CPU
		{4601FF4E-6F13-479B-8A65-E9A449269169}.Debug|Any CPU.Build.0 = Debug|Any CPU
		{4601FF4E-6F13-479B-8A65-E9A449269169}.Release|Any CPU.ActiveCfg = Release|Any CPU
		{4601FF4E-6F13-479B-8A65-E9A449269169}.Release|Any CPU.Build.0 = Release|Any CPU
		{9EA88B53-05DE-4CB0-8D5E-9944750A97FE}.Debug|Any CPU.ActiveCfg = Debug|Any CPU
		{9EA88B53-05DE-4CB0-8D5E-9944750A97FE}.Debug|Any CPU.Build.0 = Debug|Any CPU
		{9EA88B53-05DE-4CB0-8D5E-9944750A97FE}.Release|Any CPU.ActiveCfg = Release|Any CPU
		{9EA88B53-05DE-4CB0-8D5E-9944750A97FE}.Release|Any CPU.Build.0 = Release|Any CPU
		{C513A18F-37AA-4BB0-9CAF-4C52F0C32403}.Debug|Any CPU.ActiveCfg = Debug|Any CPU
		{C513A18F-37AA-4BB0-9CAF-4C52F0C32403}.Debug|Any CPU.Build.0 = Debug|Any CPU
		{C513A18F-37AA-4BB0-9CAF-4C52F0C32403}.Release|Any CPU.ActiveCfg = Release|Any CPU
		{C513A18F-37AA-4BB0-9CAF-4C52F0C32403}.Release|Any CPU.Build.0 = Release|Any CPU
		{493245F2-F9EB-40FB-A353-E76A17F456D2}.Debug|Any CPU.ActiveCfg = Debug|Any CPU
		{493245F2-F9EB-40FB-A353-E76A17F456D2}.Debug|Any CPU.Build.0 = Debug|Any CPU
		{493245F2-F9EB-40FB-A353-E76A17F456D2}.Release|Any CPU.ActiveCfg = Release|Any CPU
		{493245F2-F9EB-40FB-A353-E76A17F456D2}.Release|Any CPU.Build.0 = Release|Any CPU
		{34BE4A44-E871-4A8D-9D97-353457CB8536}.Debug|Any CPU.ActiveCfg = Debug|Any CPU
		{34BE4A44-E871-4A8D-9D97-353457CB8536}.Debug|Any CPU.Build.0 = Debug|Any CPU
		{34BE4A44-E871-4A8D-9D97-353457CB8536}.Release|Any CPU.ActiveCfg = Release|Any CPU
		{34BE4A44-E871-4A8D-9D97-353457CB8536}.Release|Any CPU.Build.0 = Release|Any CPU
		{1D349B4F-3565-4A9D-89CA-A6AA282A551C}.Debug|Any CPU.ActiveCfg = Debug|Any CPU
		{1D349B4F-3565-4A9D-89CA-A6AA282A551C}.Debug|Any CPU.Build.0 = Debug|Any CPU
		{1D349B4F-3565-4A9D-89CA-A6AA282A551C}.Release|Any CPU.ActiveCfg = Release|Any CPU
		{1D349B4F-3565-4A9D-89CA-A6AA282A551C}.Release|Any CPU.Build.0 = Release|Any CPU
		{9C456BEE-1973-429E-9368-13921E8CD4D3}.Debug|Any CPU.ActiveCfg = Debug|Any CPU
		{9C456BEE-1973-429E-9368-13921E8CD4D3}.Debug|Any CPU.Build.0 = Debug|Any CPU
		{9C456BEE-1973-429E-9368-13921E8CD4D3}.Release|Any CPU.ActiveCfg = Release|Any CPU
		{9C456BEE-1973-429E-9368-13921E8CD4D3}.Release|Any CPU.Build.0 = Release|Any CPU
		{2B6F03C2-D1A0-4836-A96B-4A283E6AB00B}.Debug|Any CPU.ActiveCfg = Debug|Any CPU
		{2B6F03C2-D1A0-4836-A96B-4A283E6AB00B}.Debug|Any CPU.Build.0 = Debug|Any CPU
		{2B6F03C2-D1A0-4836-A96B-4A283E6AB00B}.Release|Any CPU.ActiveCfg = Release|Any CPU
		{2B6F03C2-D1A0-4836-A96B-4A283E6AB00B}.Release|Any CPU.Build.0 = Release|Any CPU
		{DCA3EC43-84F0-4076-8131-A3205B19D75D}.Debug|Any CPU.ActiveCfg = Debug|Any CPU
		{DCA3EC43-84F0-4076-8131-A3205B19D75D}.Debug|Any CPU.Build.0 = Debug|Any CPU
		{DCA3EC43-84F0-4076-8131-A3205B19D75D}.Release|Any CPU.ActiveCfg = Release|Any CPU
		{DCA3EC43-84F0-4076-8131-A3205B19D75D}.Release|Any CPU.Build.0 = Release|Any CPU
		{2C664AD0-C57F-44AB-8191-1937960E59BC}.Debug|Any CPU.ActiveCfg = Debug|Any CPU
		{2C664AD0-C57F-44AB-8191-1937960E59BC}.Debug|Any CPU.Build.0 = Debug|Any CPU
		{2C664AD0-C57F-44AB-8191-1937960E59BC}.Release|Any CPU.ActiveCfg = Release|Any CPU
		{2C664AD0-C57F-44AB-8191-1937960E59BC}.Release|Any CPU.Build.0 = Release|Any CPU
		{27654EF1-347E-44BD-A516-45E944940090}.Debug|Any CPU.ActiveCfg = Debug|Any CPU
		{27654EF1-347E-44BD-A516-45E944940090}.Debug|Any CPU.Build.0 = Debug|Any CPU
		{27654EF1-347E-44BD-A516-45E944940090}.Release|Any CPU.ActiveCfg = Release|Any CPU
		{27654EF1-347E-44BD-A516-45E944940090}.Release|Any CPU.Build.0 = Release|Any CPU
		{97D9605A-2C63-41C3-A173-B200E3D9D0D8}.Debug|Any CPU.ActiveCfg = Debug|Any CPU
		{97D9605A-2C63-41C3-A173-B200E3D9D0D8}.Debug|Any CPU.Build.0 = Debug|Any CPU
		{97D9605A-2C63-41C3-A173-B200E3D9D0D8}.Release|Any CPU.ActiveCfg = Release|Any CPU
		{97D9605A-2C63-41C3-A173-B200E3D9D0D8}.Release|Any CPU.Build.0 = Release|Any CPU
		{D2B066D6-5970-4D89-BAAF-AA2DB60671FD}.Debug|Any CPU.ActiveCfg = Debug|Any CPU
		{D2B066D6-5970-4D89-BAAF-AA2DB60671FD}.Debug|Any CPU.Build.0 = Debug|Any CPU
		{D2B066D6-5970-4D89-BAAF-AA2DB60671FD}.Release|Any CPU.ActiveCfg = Release|Any CPU
		{D2B066D6-5970-4D89-BAAF-AA2DB60671FD}.Release|Any CPU.Build.0 = Release|Any CPU
	EndGlobalSection
	GlobalSection(SolutionProperties) = preSolution
		HideSolutionNode = FALSE
	EndGlobalSection
	GlobalSection(NestedProjects) = preSolution
		{21780245-BD83-45E7-94BD-19728F5F0188} = {557A7C8C-498D-46D6-9C59-2D2920E729C0}
		{E947C43D-37B5-47ED-9DAE-FEF1AFD0ADF9} = {557A7C8C-498D-46D6-9C59-2D2920E729C0}
		{7F5DC3BD-5EED-4402-840F-CD9D7A19C1A7} = {2A787D24-833C-440D-A5D3-24B92A33284A}
		{D010372D-98FD-4614-89E6-21E3DDD5E0E9} = {2A787D24-833C-440D-A5D3-24B92A33284A}
		{3AB89123-8539-4D07-9357-868A137FE0B5} = {21780245-BD83-45E7-94BD-19728F5F0188}
		{4601FF4E-6F13-479B-8A65-E9A449269169} = {E947C43D-37B5-47ED-9DAE-FEF1AFD0ADF9}
		{9EA88B53-05DE-4CB0-8D5E-9944750A97FE} = {7F5DC3BD-5EED-4402-840F-CD9D7A19C1A7}
		{C513A18F-37AA-4BB0-9CAF-4C52F0C32403} = {D010372D-98FD-4614-89E6-21E3DDD5E0E9}
		{493245F2-F9EB-40FB-A353-E76A17F456D2} = {D010372D-98FD-4614-89E6-21E3DDD5E0E9}
		{872D94AE-C3DB-4141-B472-0A00E2390A42} = {4DC7906F-B854-4F1A-BBF1-4EDD95F5B88C}
		{DAF552B3-1013-4B93-9249-495BB5D45A65} = {4DC7906F-B854-4F1A-BBF1-4EDD95F5B88C}
		{34BE4A44-E871-4A8D-9D97-353457CB8536} = {872D94AE-C3DB-4141-B472-0A00E2390A42}
		{1D349B4F-3565-4A9D-89CA-A6AA282A551C} = {DAF552B3-1013-4B93-9249-495BB5D45A65}
		{9C456BEE-1973-429E-9368-13921E8CD4D3} = {DAF552B3-1013-4B93-9249-495BB5D45A65}
		{1BFC5864-4827-451E-ABF6-2F11F77BCC7F} = {23DC9C50-256E-4EE4-BEBE-5C531F242B76}
		{A1609D59-0355-4EFF-A53B-E21C90D17361} = {23DC9C50-256E-4EE4-BEBE-5C531F242B76}
		{2B6F03C2-D1A0-4836-A96B-4A283E6AB00B} = {1BFC5864-4827-451E-ABF6-2F11F77BCC7F}
		{DCA3EC43-84F0-4076-8131-A3205B19D75D} = {A1609D59-0355-4EFF-A53B-E21C90D17361}
		{2C664AD0-C57F-44AB-8191-1937960E59BC} = {A1609D59-0355-4EFF-A53B-E21C90D17361}
		{3ABF18EB-38AF-4C31-A89A-D23BB50E7DB5} = {8EB3E982-86D8-49EC-87E4-9A06A01E82AB}
		{0E22CC8A-6DE2-4C08-8463-C388698E011B} = {8EB3E982-86D8-49EC-87E4-9A06A01E82AB}
		{27654EF1-347E-44BD-A516-45E944940090} = {3ABF18EB-38AF-4C31-A89A-D23BB50E7DB5}
		{97D9605A-2C63-41C3-A173-B200E3D9D0D8} = {0E22CC8A-6DE2-4C08-8463-C388698E011B}
		{D2B066D6-5970-4D89-BAAF-AA2DB60671FD} = {0E22CC8A-6DE2-4C08-8463-C388698E011B}
	EndGlobalSection
	GlobalSection(ExtensibilityGlobals) = postSolution
		SolutionGuid = {ADC695BF-FB2C-4970-B2E5-70F0E489EB9F}
	EndGlobalSection
EndGlobal
